
Microsoft Visual Studio Solution File, Format Version 12.00
# Visual Studio 15
Project("{FAE04EC0-301F-11D3-BF4B-00C04F79EFBC}") = "UnityEngine.UI", "UnityEngine.UI.csproj", "{12A84730-5F46-0454-5094-BAD3515EDB83}"
EndProject
Project("{FAE04EC0-301F-11D3-BF4B-00C04F79EFBC}") = "UnityEngine.TestRunner", "UnityEngine.TestRunner.csproj", "{E3C36089-2F23-0601-6D85-DE59D0E9F2B8}"
EndProject
Project("{FAE04EC0-301F-11D3-BF4B-00C04F79EFBC}") = "Unity.InputSystem", "Unity.InputSystem.csproj", "{7864BE25-E9C1-4E20-6B90-670122451874}"
EndProject
Project("{FAE04EC0-301F-11D3-BF4B-00C04F79EFBC}") = "Unity.Timeline", "Unity.Timeline.csproj", "{3E92E755-3451-7F26-85F6-E7C4192B4BB5}"
EndProject
Project("{FAE04EC0-301F-11D3-BF4B-00C04F79EFBC}") = "Unity.ProBuilder", "Unity.ProBuilder.csproj", "{83D58B8B-DA13-377C-ADD2-262D28DBBCA1}"
EndProject
Project("{FAE04EC0-301F-11D3-BF4B-00C04F79EFBC}") = "Cinemachine", "Cinemachine.csproj", "{49CD05D3-D866-9A5C-3091-96578DF7E45B}"
EndProject
Project("{FAE04EC0-301F-11D3-BF4B-00C04F79EFBC}") = "Unity.TextMeshPro", "Unity.TextMeshPro.csproj", "{F870072D-CC0B-164B-FE20-CDE9CDC9C504}"
EndProject
Project("{FAE04EC0-301F-11D3-BF4B-00C04F79EFBC}") = "Unity.ProBuilder.Poly2Tri", "Unity.ProBuilder.Poly2Tri.csproj", "{B35AEB56-1DE9-2AC3-C29F-43E1EB04DC04}"
EndProject
Project("{FAE04EC0-301F-11D3-BF4B-00C04F79EFBC}") = "Assembly-CSharp", "Assembly-CSharp.csproj", "{00F64592-4CC7-8442-7AA9-C79D332BAA82}"
EndProject
Project("{FAE04EC0-301F-11D3-BF4B-00C04F79EFBC}") = "Unity.ProBuilder.Csg", "Unity.ProBuilder.Csg.csproj", "{E57A63DE-B181-9298-92C5-32A66C758AAC}"
EndProject
Project("{FAE04EC0-301F-11D3-BF4B-00C04F79EFBC}") = "Unity.ProBuilder.KdTree", "Unity.ProBuilder.KdTree.csproj", "{D6897024-00A4-A819-D52A-0CA4D88B80F1}"
EndProject
Project("{FAE04EC0-301F-11D3-BF4B-00C04F79EFBC}") = "Unity.ProBuilder.Stl", "Unity.ProBuilder.Stl.csproj", "{47E39D68-D708-7808-09E8-8E0FDB31E135}"
EndProject
Project("{FAE04EC0-301F-11D3-BF4B-00C04F79EFBC}") = "UnityEditor.TestRunner", "UnityEditor.TestRunner.csproj", "{BC20AA74-F06E-5146-0773-4322ED7FC3A9}"
EndProject
Project("{FAE04EC0-301F-11D3-BF4B-00C04F79EFBC}") = "Unity.ProBuilder.Editor", "Unity.ProBuilder.Editor.csproj", "{5926718A-B535-5FA6-500F-C6710B5CDF73}"
EndProject
Project("{FAE04EC0-301F-11D3-BF4B-00C04F79EFBC}") = "Unity.PlasticSCM.Editor", "Unity.PlasticSCM.Editor.csproj", "{2BDDA191-F605-2C6F-2247-64CCE4199C00}"
EndProject
Project("{FAE04EC0-301F-11D3-BF4B-00C04F79EFBC}") = "UnityEditor.UI", "UnityEditor.UI.csproj", "{221B8B50-D3C3-0647-FF8D-FC18323C3778}"
EndProject
Project("{FAE04EC0-301F-11D3-BF4B-00C04F79EFBC}") = "Unity.Timeline.Editor", "Unity.Timeline.Editor.csproj", "{5FD28775-71C1-DB81-148B-08CD1465B994}"
EndProject
Project("{FAE04EC0-301F-11D3-BF4B-00C04F79EFBC}") = "Unity.VisualStudio.Editor", "Unity.VisualStudio.Editor.csproj", "{A85487B3-3773-90CC-7394-37CCFE6E809B}"
EndProject
Project("{FAE04EC0-301F-11D3-BF4B-00C04F79EFBC}") = "com.unity.cinemachine.editor", "com.unity.cinemachine.editor.csproj", "{AF9AD489-4001-ED40-A21B-9E92F0F85AEE}"
EndProject
Project("{FAE04EC0-301F-11D3-BF4B-00C04F79EFBC}") = "Unity.TextMeshPro.Editor", "Unity.TextMeshPro.Editor.csproj", "{A189DE4C-3652-A4F2-BE80-8B3F70D25763}"
EndProject
Project("{FAE04EC0-301F-11D3-BF4B-00C04F79EFBC}") = "Unity.CollabProxy.Editor", "Unity.CollabProxy.Editor.csproj", "{DA738F8F-31CD-612E-87DA-1A1B50E766C6}"
EndProject
Project("{FAE04EC0-301F-11D3-BF4B-00C04F79EFBC}") = "Unity.Rider.Editor", "Unity.Rider.Editor.csproj", "{FA52C6CC-C64E-398C-B616-90023891DE6C}"
EndProject
Project("{FAE04EC0-301F-11D3-BF4B-00C04F79EFBC}") = "Unity.VSCode.Editor", "Unity.VSCode.Editor.csproj", "{E1739902-4345-FB4D-65F6-6C68B2E70C69}"
EndProject
Project("{FAE04EC0-301F-11D3-BF4B-00C04F79EFBC}") = "Unity.ProBuilder.AssetIdRemapUtility", "Unity.ProBuilder.AssetIdRemapUtility.csproj", "{06A8AC2D-E189-EF0C-5B96-046F876889DB}"
EndProject
Project("{FAE04EC0-301F-11D3-BF4B-00C04F79EFBC}") = "Unity.Settings.Editor", "Unity.Settings.Editor.csproj", "{9E519857-302A-9283-684B-EA9C6BBFB20A}"
EndProject
Project("{FAE04EC0-301F-11D3-BF4B-00C04F79EFBC}") = "Assembly-CSharp-Editor", "Assembly-CSharp-Editor.csproj", "{42570F5A-6334-5CE7-1B87-C0700F3E1294}"
EndProject
Project("{FAE04EC0-301F-11D3-BF4B-00C04F79EFBC}") = "Unity.ProBuilder.AddOns.Editor", "Unity.ProBuilder.AddOns.Editor.csproj", "{97DE431C-4EEC-D1B3-FFB5-886C4225A71E}"
EndProject
Project("{FAE04EC0-301F-11D3-BF4B-00C04F79EFBC}") = "UnityEngine.UI", "UnityEngine.UI.Player.csproj", "{A84BECFD-7C2C-5A43-9D55-931AF0268D64}"
EndProject
Project("{FAE04EC0-301F-11D3-BF4B-00C04F79EFBC}") = "UnityEngine.TestRunner", "UnityEngine.TestRunner.Player.csproj", "{2CCFA38C-6C9F-63F2-E4AC-32D2F2FCE73C}"
EndProject
Project("{FAE04EC0-301F-11D3-BF4B-00C04F79EFBC}") = "Unity.InputSystem", "Unity.InputSystem.Player.csproj", "{37B7FF3D-3F9D-7752-94A4-FFA1E87BCCED}"
EndProject
Project("{FAE04EC0-301F-11D3-BF4B-00C04F79EFBC}") = "Unity.Timeline", "Unity.Timeline.Player.csproj", "{B0165064-03FF-9F24-557E-9F86E61BC56F}"
EndProject
Project("{FAE04EC0-301F-11D3-BF4B-00C04F79EFBC}") = "Unity.ProBuilder", "Unity.ProBuilder.Player.csproj", "{6A55FC49-C1D3-AD58-C8A3-B41D97C86FDB}"
EndProject
Project("{FAE04EC0-301F-11D3-BF4B-00C04F79EFBC}") = "Cinemachine", "Cinemachine.Player.csproj", "{D93AAC1C-3ABD-3792-3B9D-FA14A7BAF0BD}"
EndProject
Project("{FAE04EC0-301F-11D3-BF4B-00C04F79EFBC}") = "Unity.TextMeshPro", "Unity.TextMeshPro.Player.csproj", "{143957FD-5E0C-D467-32F1-FD5660E81C77}"
EndProject
Project("{FAE04EC0-301F-11D3-BF4B-00C04F79EFBC}") = "Unity.ProBuilder.Poly2Tri", "Unity.ProBuilder.Poly2Tri.Player.csproj", "{E2E3310E-3FED-EF08-0A67-74117EEFA0A2}"
EndProject
Project("{FAE04EC0-301F-11D3-BF4B-00C04F79EFBC}") = "Assembly-CSharp", "Assembly-CSharp.Player.csproj", "{663903DA-228A-6199-243A-8E781C4A92C9}"
EndProject
Project("{FAE04EC0-301F-11D3-BF4B-00C04F79EFBC}") = "Unity.ProBuilder.Csg", "Unity.ProBuilder.Csg.Player.csproj", "{30EC8641-645E-FBED-A4CB-1B3ACCE25A65}"
EndProject
Project("{FAE04EC0-301F-11D3-BF4B-00C04F79EFBC}") = "Unity.ProBuilder.KdTree", "Unity.ProBuilder.KdTree.Player.csproj", "{223852B7-77D5-331D-B60F-BAE89A08FC81}"
EndProject
Project("{FAE04EC0-301F-11D3-BF4B-00C04F79EFBC}") = "Unity.ProBuilder.Stl", "Unity.ProBuilder.Stl.Player.csproj", "{5285A163-CA05-1353-859B-DFC715E98CCF}"
EndProject
Global
	GlobalSection(SolutionConfigurationPlatforms) = preSolution
		Debug|Any CPU = Debug|Any CPU
		Release|Any CPU = Release|Any CPU
	EndGlobalSection
	GlobalSection(ProjectConfigurationPlatforms) = postSolution
		{12A84730-5F46-0454-5094-BAD3515EDB83}.Debug|Any CPU.ActiveCfg = Debug|Any CPU
		{12A84730-5F46-0454-5094-BAD3515EDB83}.Debug|Any CPU.Build.0 = Debug|Any CPU
		{12A84730-5F46-0454-5094-BAD3515EDB83}.Release|Any CPU.ActiveCfg = Release|Any CPU
		{12A84730-5F46-0454-5094-BAD3515EDB83}.Release|Any CPU.Build.0 = Release|Any CPU
		{E3C36089-2F23-0601-6D85-DE59D0E9F2B8}.Debug|Any CPU.ActiveCfg = Debug|Any CPU
		{E3C36089-2F23-0601-6D85-DE59D0E9F2B8}.Debug|Any CPU.Build.0 = Debug|Any CPU
		{E3C36089-2F23-0601-6D85-DE59D0E9F2B8}.Release|Any CPU.ActiveCfg = Release|Any CPU
		{E3C36089-2F23-0601-6D85-DE59D0E9F2B8}.Release|Any CPU.Build.0 = Release|Any CPU
		{7864BE25-E9C1-4E20-6B90-670122451874}.Debug|Any CPU.ActiveCfg = Debug|Any CPU
		{7864BE25-E9C1-4E20-6B90-670122451874}.Debug|Any CPU.Build.0 = Debug|Any CPU
		{7864BE25-E9C1-4E20-6B90-670122451874}.Release|Any CPU.ActiveCfg = Release|Any CPU
		{7864BE25-E9C1-4E20-6B90-670122451874}.Release|Any CPU.Build.0 = Release|Any CPU
		{3E92E755-3451-7F26-85F6-E7C4192B4BB5}.Debug|Any CPU.ActiveCfg = Debug|Any CPU
		{3E92E755-3451-7F26-85F6-E7C4192B4BB5}.Debug|Any CPU.Build.0 = Debug|Any CPU
		{3E92E755-3451-7F26-85F6-E7C4192B4BB5}.Release|Any CPU.ActiveCfg = Release|Any CPU
		{3E92E755-3451-7F26-85F6-E7C4192B4BB5}.Release|Any CPU.Build.0 = Release|Any CPU
		{83D58B8B-DA13-377C-ADD2-262D28DBBCA1}.Debug|Any CPU.ActiveCfg = Debug|Any CPU
		{83D58B8B-DA13-377C-ADD2-262D28DBBCA1}.Debug|Any CPU.Build.0 = Debug|Any CPU
		{83D58B8B-DA13-377C-ADD2-262D28DBBCA1}.Release|Any CPU.ActiveCfg = Release|Any CPU
		{83D58B8B-DA13-377C-ADD2-262D28DBBCA1}.Release|Any CPU.Build.0 = Release|Any CPU
		{49CD05D3-D866-9A5C-3091-96578DF7E45B}.Debug|Any CPU.ActiveCfg = Debug|Any CPU
		{49CD05D3-D866-9A5C-3091-96578DF7E45B}.Debug|Any CPU.Build.0 = Debug|Any CPU
		{49CD05D3-D866-9A5C-3091-96578DF7E45B}.Release|Any CPU.ActiveCfg = Release|Any CPU
		{49CD05D3-D866-9A5C-3091-96578DF7E45B}.Release|Any CPU.Build.0 = Release|Any CPU
		{F870072D-CC0B-164B-FE20-CDE9CDC9C504}.Debug|Any CPU.ActiveCfg = Debug|Any CPU
		{F870072D-CC0B-164B-FE20-CDE9CDC9C504}.Debug|Any CPU.Build.0 = Debug|Any CPU
		{F870072D-CC0B-164B-FE20-CDE9CDC9C504}.Release|Any CPU.ActiveCfg = Release|Any CPU
		{F870072D-CC0B-164B-FE20-CDE9CDC9C504}.Release|Any CPU.Build.0 = Release|Any CPU
		{B35AEB56-1DE9-2AC3-C29F-43E1EB04DC04}.Debug|Any CPU.ActiveCfg = Debug|Any CPU
		{B35AEB56-1DE9-2AC3-C29F-43E1EB04DC04}.Debug|Any CPU.Build.0 = Debug|Any CPU
		{B35AEB56-1DE9-2AC3-C29F-43E1EB04DC04}.Release|Any CPU.ActiveCfg = Release|Any CPU
		{B35AEB56-1DE9-2AC3-C29F-43E1EB04DC04}.Release|Any CPU.Build.0 = Release|Any CPU
		{00F64592-4CC7-8442-7AA9-C79D332BAA82}.Debug|Any CPU.ActiveCfg = Debug|Any CPU
		{00F64592-4CC7-8442-7AA9-C79D332BAA82}.Debug|Any CPU.Build.0 = Debug|Any CPU
		{00F64592-4CC7-8442-7AA9-C79D332BAA82}.Release|Any CPU.ActiveCfg = Release|Any CPU
		{00F64592-4CC7-8442-7AA9-C79D332BAA82}.Release|Any CPU.Build.0 = Release|Any CPU
		{E57A63DE-B181-9298-92C5-32A66C758AAC}.Debug|Any CPU.ActiveCfg = Debug|Any CPU
		{E57A63DE-B181-9298-92C5-32A66C758AAC}.Debug|Any CPU.Build.0 = Debug|Any CPU
		{E57A63DE-B181-9298-92C5-32A66C758AAC}.Release|Any CPU.ActiveCfg = Release|Any CPU
		{E57A63DE-B181-9298-92C5-32A66C758AAC}.Release|Any CPU.Build.0 = Release|Any CPU
		{D6897024-00A4-A819-D52A-0CA4D88B80F1}.Debug|Any CPU.ActiveCfg = Debug|Any CPU
		{D6897024-00A4-A819-D52A-0CA4D88B80F1}.Debug|Any CPU.Build.0 = Debug|Any CPU
		{D6897024-00A4-A819-D52A-0CA4D88B80F1}.Release|Any CPU.ActiveCfg = Release|Any CPU
		{D6897024-00A4-A819-D52A-0CA4D88B80F1}.Release|Any CPU.Build.0 = Release|Any CPU
		{47E39D68-D708-7808-09E8-8E0FDB31E135}.Debug|Any CPU.ActiveCfg = Debug|Any CPU
		{47E39D68-D708-7808-09E8-8E0FDB31E135}.Debug|Any CPU.Build.0 = Debug|Any CPU
		{47E39D68-D708-7808-09E8-8E0FDB31E135}.Release|Any CPU.ActiveCfg = Release|Any CPU
		{47E39D68-D708-7808-09E8-8E0FDB31E135}.Release|Any CPU.Build.0 = Release|Any CPU
		{BC20AA74-F06E-5146-0773-4322ED7FC3A9}.Debug|Any CPU.ActiveCfg = Debug|Any CPU
		{BC20AA74-F06E-5146-0773-4322ED7FC3A9}.Debug|Any CPU.Build.0 = Debug|Any CPU
		{BC20AA74-F06E-5146-0773-4322ED7FC3A9}.Release|Any CPU.ActiveCfg = Release|Any CPU
		{BC20AA74-F06E-5146-0773-4322ED7FC3A9}.Release|Any CPU.Build.0 = Release|Any CPU
		{5926718A-B535-5FA6-500F-C6710B5CDF73}.Debug|Any CPU.ActiveCfg = Debug|Any CPU
		{5926718A-B535-5FA6-500F-C6710B5CDF73}.Debug|Any CPU.Build.0 = Debug|Any CPU
		{5926718A-B535-5FA6-500F-C6710B5CDF73}.Release|Any CPU.ActiveCfg = Release|Any CPU
		{5926718A-B535-5FA6-500F-C6710B5CDF73}.Release|Any CPU.Build.0 = Release|Any CPU
		{2BDDA191-F605-2C6F-2247-64CCE4199C00}.Debug|Any CPU.ActiveCfg = Debug|Any CPU
		{2BDDA191-F605-2C6F-2247-64CCE4199C00}.Debug|Any CPU.Build.0 = Debug|Any CPU
		{2BDDA191-F605-2C6F-2247-64CCE4199C00}.Release|Any CPU.ActiveCfg = Release|Any CPU
		{2BDDA191-F605-2C6F-2247-64CCE4199C00}.Release|Any CPU.Build.0 = Release|Any CPU
		{221B8B50-D3C3-0647-FF8D-FC18323C3778}.Debug|Any CPU.ActiveCfg = Debug|Any CPU
		{221B8B50-D3C3-0647-FF8D-FC18323C3778}.Debug|Any CPU.Build.0 = Debug|Any CPU
		{221B8B50-D3C3-0647-FF8D-FC18323C3778}.Release|Any CPU.ActiveCfg = Release|Any CPU
		{221B8B50-D3C3-0647-FF8D-FC18323C3778}.Release|Any CPU.Build.0 = Release|Any CPU
		{5FD28775-71C1-DB81-148B-08CD1465B994}.Debug|Any CPU.ActiveCfg = Debug|Any CPU
		{5FD28775-71C1-DB81-148B-08CD1465B994}.Debug|Any CPU.Build.0 = Debug|Any CPU
		{5FD28775-71C1-DB81-148B-08CD1465B994}.Release|Any CPU.ActiveCfg = Release|Any CPU
		{5FD28775-71C1-DB81-148B-08CD1465B994}.Release|Any CPU.Build.0 = Release|Any CPU
		{A85487B3-3773-90CC-7394-37CCFE6E809B}.Debug|Any CPU.ActiveCfg = Debug|Any CPU
		{A85487B3-3773-90CC-7394-37CCFE6E809B}.Debug|Any CPU.Build.0 = Debug|Any CPU
		{A85487B3-3773-90CC-7394-37CCFE6E809B}.Release|Any CPU.ActiveCfg = Release|Any CPU
		{A85487B3-3773-90CC-7394-37CCFE6E809B}.Release|Any CPU.Build.0 = Release|Any CPU
		{AF9AD489-4001-ED40-A21B-9E92F0F85AEE}.Debug|Any CPU.ActiveCfg = Debug|Any CPU
		{AF9AD489-4001-ED40-A21B-9E92F0F85AEE}.Debug|Any CPU.Build.0 = Debug|Any CPU
		{AF9AD489-4001-ED40-A21B-9E92F0F85AEE}.Release|Any CPU.ActiveCfg = Release|Any CPU
		{AF9AD489-4001-ED40-A21B-9E92F0F85AEE}.Release|Any CPU.Build.0 = Release|Any CPU
		{A189DE4C-3652-A4F2-BE80-8B3F70D25763}.Debug|Any CPU.ActiveCfg = Debug|Any CPU
		{A189DE4C-3652-A4F2-BE80-8B3F70D25763}.Debug|Any CPU.Build.0 = Debug|Any CPU
		{A189DE4C-3652-A4F2-BE80-8B3F70D25763}.Release|Any CPU.ActiveCfg = Release|Any CPU
		{A189DE4C-3652-A4F2-BE80-8B3F70D25763}.Release|Any CPU.Build.0 = Release|Any CPU
		{DA738F8F-31CD-612E-87DA-1A1B50E766C6}.Debug|Any CPU.ActiveCfg = Debug|Any CPU
		{DA738F8F-31CD-612E-87DA-1A1B50E766C6}.Debug|Any CPU.Build.0 = Debug|Any CPU
		{DA738F8F-31CD-612E-87DA-1A1B50E766C6}.Release|Any CPU.ActiveCfg = Release|Any CPU
		{DA738F8F-31CD-612E-87DA-1A1B50E766C6}.Release|Any CPU.Build.0 = Release|Any CPU
		{FA52C6CC-C64E-398C-B616-90023891DE6C}.Debug|Any CPU.ActiveCfg = Debug|Any CPU
		{FA52C6CC-C64E-398C-B616-90023891DE6C}.Debug|Any CPU.Build.0 = Debug|Any CPU
		{FA52C6CC-C64E-398C-B616-90023891DE6C}.Release|Any CPU.ActiveCfg = Release|Any CPU
		{FA52C6CC-C64E-398C-B616-90023891DE6C}.Release|Any CPU.Build.0 = Release|Any CPU
		{E1739902-4345-FB4D-65F6-6C68B2E70C69}.Debug|Any CPU.ActiveCfg = Debug|Any CPU
		{E1739902-4345-FB4D-65F6-6C68B2E70C69}.Debug|Any CPU.Build.0 = Debug|Any CPU
		{E1739902-4345-FB4D-65F6-6C68B2E70C69}.Release|Any CPU.ActiveCfg = Release|Any CPU
		{E1739902-4345-FB4D-65F6-6C68B2E70C69}.Release|Any CPU.Build.0 = Release|Any CPU
		{06A8AC2D-E189-EF0C-5B96-046F876889DB}.Debug|Any CPU.ActiveCfg = Debug|Any CPU
		{06A8AC2D-E189-EF0C-5B96-046F876889DB}.Debug|Any CPU.Build.0 = Debug|Any CPU
		{06A8AC2D-E189-EF0C-5B96-046F876889DB}.Release|Any CPU.ActiveCfg = Release|Any CPU
		{06A8AC2D-E189-EF0C-5B96-046F876889DB}.Release|Any CPU.Build.0 = Release|Any CPU
		{9E519857-302A-9283-684B-EA9C6BBFB20A}.Debug|Any CPU.ActiveCfg = Debug|Any CPU
		{9E519857-302A-9283-684B-EA9C6BBFB20A}.Debug|Any CPU.Build.0 = Debug|Any CPU
		{9E519857-302A-9283-684B-EA9C6BBFB20A}.Release|Any CPU.ActiveCfg = Release|Any CPU
		{9E519857-302A-9283-684B-EA9C6BBFB20A}.Release|Any CPU.Build.0 = Release|Any CPU
		{42570F5A-6334-5CE7-1B87-C0700F3E1294}.Debug|Any CPU.ActiveCfg = Debug|Any CPU
		{42570F5A-6334-5CE7-1B87-C0700F3E1294}.Debug|Any CPU.Build.0 = Debug|Any CPU
		{42570F5A-6334-5CE7-1B87-C0700F3E1294}.Release|Any CPU.ActiveCfg = Release|Any CPU
		{42570F5A-6334-5CE7-1B87-C0700F3E1294}.Release|Any CPU.Build.0 = Release|Any CPU
		{97DE431C-4EEC-D1B3-FFB5-886C4225A71E}.Debug|Any CPU.ActiveCfg = Debug|Any CPU
		{97DE431C-4EEC-D1B3-FFB5-886C4225A71E}.Debug|Any CPU.Build.0 = Debug|Any CPU
		{97DE431C-4EEC-D1B3-FFB5-886C4225A71E}.Release|Any CPU.ActiveCfg = Release|Any CPU
		{97DE431C-4EEC-D1B3-FFB5-886C4225A71E}.Release|Any CPU.Build.0 = Release|Any CPU
		{A84BECFD-7C2C-5A43-9D55-931AF0268D64}.Debug|Any CPU.ActiveCfg = Debug|Any CPU
		{A84BECFD-7C2C-5A43-9D55-931AF0268D64}.Debug|Any CPU.Build.0 = Debug|Any CPU
		{A84BECFD-7C2C-5A43-9D55-931AF0268D64}.Release|Any CPU.ActiveCfg = Release|Any CPU
		{A84BECFD-7C2C-5A43-9D55-931AF0268D64}.Release|Any CPU.Build.0 = Release|Any CPU
		{2CCFA38C-6C9F-63F2-E4AC-32D2F2FCE73C}.Debug|Any CPU.ActiveCfg = Debug|Any CPU
		{2CCFA38C-6C9F-63F2-E4AC-32D2F2FCE73C}.Debug|Any CPU.Build.0 = Debug|Any CPU
		{2CCFA38C-6C9F-63F2-E4AC-32D2F2FCE73C}.Release|Any CPU.ActiveCfg = Release|Any CPU
		{2CCFA38C-6C9F-63F2-E4AC-32D2F2FCE73C}.Release|Any CPU.Build.0 = Release|Any CPU
		{37B7FF3D-3F9D-7752-94A4-FFA1E87BCCED}.Debug|Any CPU.ActiveCfg = Debug|Any CPU
		{37B7FF3D-3F9D-7752-94A4-FFA1E87BCCED}.Debug|Any CPU.Build.0 = Debug|Any CPU
		{37B7FF3D-3F9D-7752-94A4-FFA1E87BCCED}.Release|Any CPU.ActiveCfg = Release|Any CPU
		{37B7FF3D-3F9D-7752-94A4-FFA1E87BCCED}.Release|Any CPU.Build.0 = Release|Any CPU
		{B0165064-03FF-9F24-557E-9F86E61BC56F}.Debug|Any CPU.ActiveCfg = Debug|Any CPU
		{B0165064-03FF-9F24-557E-9F86E61BC56F}.Debug|Any CPU.Build.0 = Debug|Any CPU
		{B0165064-03FF-9F24-557E-9F86E61BC56F}.Release|Any CPU.ActiveCfg = Release|Any CPU
		{B0165064-03FF-9F24-557E-9F86E61BC56F}.Release|Any CPU.Build.0 = Release|Any CPU
		{6A55FC49-C1D3-AD58-C8A3-B41D97C86FDB}.Debug|Any CPU.ActiveCfg = Debug|Any CPU
		{6A55FC49-C1D3-AD58-C8A3-B41D97C86FDB}.Debug|Any CPU.Build.0 = Debug|Any CPU
		{6A55FC49-C1D3-AD58-C8A3-B41D97C86FDB}.Release|Any CPU.ActiveCfg = Release|Any CPU
		{6A55FC49-C1D3-AD58-C8A3-B41D97C86FDB}.Release|Any CPU.Build.0 = Release|Any CPU
		{D93AAC1C-3ABD-3792-3B9D-FA14A7BAF0BD}.Debug|Any CPU.ActiveCfg = Debug|Any CPU
		{D93AAC1C-3ABD-3792-3B9D-FA14A7BAF0BD}.Debug|Any CPU.Build.0 = Debug|Any CPU
		{D93AAC1C-3ABD-3792-3B9D-FA14A7BAF0BD}.Release|Any CPU.ActiveCfg = Release|Any CPU
		{D93AAC1C-3ABD-3792-3B9D-FA14A7BAF0BD}.Release|Any CPU.Build.0 = Release|Any CPU
		{143957FD-5E0C-D467-32F1-FD5660E81C77}.Debug|Any CPU.ActiveCfg = Debug|Any CPU
		{143957FD-5E0C-D467-32F1-FD5660E81C77}.Debug|Any CPU.Build.0 = Debug|Any CPU
		{143957FD-5E0C-D467-32F1-FD5660E81C77}.Release|Any CPU.ActiveCfg = Release|Any CPU
		{143957FD-5E0C-D467-32F1-FD5660E81C77}.Release|Any CPU.Build.0 = Release|Any CPU
		{E2E3310E-3FED-EF08-0A67-74117EEFA0A2}.Debug|Any CPU.ActiveCfg = Debug|Any CPU
		{E2E3310E-3FED-EF08-0A67-74117EEFA0A2}.Debug|Any CPU.Build.0 = Debug|Any CPU
		{E2E3310E-3FED-EF08-0A67-74117EEFA0A2}.Release|Any CPU.ActiveCfg = Release|Any CPU
		{E2E3310E-3FED-EF08-0A67-74117EEFA0A2}.Release|Any CPU.Build.0 = Release|Any CPU
		{663903DA-228A-6199-243A-8E781C4A92C9}.Debug|Any CPU.ActiveCfg = Debug|Any CPU
		{663903DA-228A-6199-243A-8E781C4A92C9}.Debug|Any CPU.Build.0 = Debug|Any CPU
		{663903DA-228A-6199-243A-8E781C4A92C9}.Release|Any CPU.ActiveCfg = Release|Any CPU
		{663903DA-228A-6199-243A-8E781C4A92C9}.Release|Any CPU.Build.0 = Release|Any CPU
		{30EC8641-645E-FBED-A4CB-1B3ACCE25A65}.Debug|Any CPU.ActiveCfg = Debug|Any CPU
		{30EC8641-645E-FBED-A4CB-1B3ACCE25A65}.Debug|Any CPU.Build.0 = Debug|Any CPU
		{30EC8641-645E-FBED-A4CB-1B3ACCE25A65}.Release|Any CPU.ActiveCfg = Release|Any CPU
		{30EC8641-645E-FBED-A4CB-1B3ACCE25A65}.Release|Any CPU.Build.0 = Release|Any CPU
		{223852B7-77D5-331D-B60F-BAE89A08FC81}.Debug|Any CPU.ActiveCfg = Debug|Any CPU
		{223852B7-77D5-331D-B60F-BAE89A08FC81}.Debug|Any CPU.Build.0 = Debug|Any CPU
		{223852B7-77D5-331D-B60F-BAE89A08FC81}.Release|Any CPU.ActiveCfg = Release|Any CPU
		{223852B7-77D5-331D-B60F-BAE89A08FC81}.Release|Any CPU.Build.0 = Release|Any CPU
		{5285A163-CA05-1353-859B-DFC715E98CCF}.Debug|Any CPU.ActiveCfg = Debug|Any CPU
		{5285A163-CA05-1353-859B-DFC715E98CCF}.Debug|Any CPU.Build.0 = Debug|Any CPU
		{5285A163-CA05-1353-859B-DFC715E98CCF}.Release|Any CPU.ActiveCfg = Release|Any CPU
		{5285A163-CA05-1353-859B-DFC715E98CCF}.Release|Any CPU.Build.0 = Release|Any CPU
	EndGlobalSection
	GlobalSection(SolutionProperties) = preSolution
		HideSolutionNode = FALSE
	EndGlobalSection
EndGlobal
